
Microsoft Visual Studio Solution File, Format Version 12.00
# Visual Studio Version 17
VisualStudioVersion = 17.11.35312.102
MinimumVisualStudioVersion = 10.0.40219.1
Project("{FAE04EC0-301F-11D3-BF4B-00C04F79EFBC}") = "bitcoin", "bitcoin\bitcoin.csproj", "{241500BB-A09E-48B2-AE75-D3CFE8391335}"
EndProject
Global
	GlobalSection(SolutionConfigurationPlatforms) = preSolution
		Debug|Any CPU = Debug|Any CPU
		Release|Any CPU = Release|Any CPU
	EndGlobalSection
	GlobalSection(ProjectConfigurationPlatforms) = postSolution
		{241500BB-A09E-48B2-AE75-D3CFE8391335}.Debug|Any CPU.ActiveCfg = Debug|Any CPU
		{241500BB-A09E-48B2-AE75-D3CFE8391335}.Debug|Any CPU.Build.0 = Debug|Any CPU
		{241500BB-A09E-48B2-AE75-D3CFE8391335}.Debug|Any CPU.Deploy.0 = Debug|Any CPU
		{241500BB-A09E-48B2-AE75-D3CFE8391335}.Release|Any CPU.ActiveCfg = Release|Any CPU
		{241500BB-A09E-48B2-AE75-D3CFE8391335}.Release|Any CPU.Build.0 = Release|Any CPU
		{241500BB-A09E-48B2-AE75-D3CFE8391335}.Release|Any CPU.Deploy.0 = Release|Any CPU
	EndGlobalSection
	GlobalSection(SolutionProperties) = preSolution
		HideSolutionNode = FALSE
	EndGlobalSection
	GlobalSection(ExtensibilityGlobals) = postSolution
		SolutionGuid = {2789108A-E58A-43A7-895A-50B5028EC89B}
	EndGlobalSection
EndGlobal
